
Microsoft Visual Studio Solution File, Format Version 12.00
# Visual Studio Version 17
VisualStudioVersion = 17.0.31903.59
MinimumVisualStudioVersion = 10.0.40219.1
Project("{FAE04EC0-301F-11D3-BF4B-00C04F79EFBC}") = "KamustaMundoApp", "KamustaMundoApp\KamustaMundoApp.csproj", "{6DFD6A61-AD48-42F1-909D-A11AD1DE5596}"
EndProject
Global
	GlobalSection(SolutionConfigurationPlatforms) = preSolution
		Debug|Any CPU = Debug|Any CPU
		Release|Any CPU = Release|Any CPU
	EndGlobalSection
	GlobalSection(SolutionProperties) = preSolution
		HideSolutionNode = FALSE
	EndGlobalSection
	GlobalSection(ProjectConfigurationPlatforms) = postSolution
		{6DFD6A61-AD48-42F1-909D-A11AD1DE5596}.Debug|Any CPU.ActiveCfg = Debug|Any CPU
		{6DFD6A61-AD48-42F1-909D-A11AD1DE5596}.Debug|Any CPU.Build.0 = Debug|Any CPU
		{6DFD6A61-AD48-42F1-909D-A11AD1DE5596}.Release|Any CPU.ActiveCfg = Release|Any CPU
		{6DFD6A61-AD48-42F1-909D-A11AD1DE5596}.Release|Any CPU.Build.0 = Release|Any CPU
	EndGlobalSection
EndGlobal
